// !$*UTF8*$!
{
	archiveVersion = 1;
	classes = {
	};
	objectVersion = 46;
	objects = {

/* Begin PBXBuildFile section */
		FA403745172EFA6C000D5880 /* OffloadHandler.mm in Sources */ = {isa = PBXBuildFile; fileRef = FA403741172EFA6B000D5880 /* OffloadHandler.mm */; };
		FA403747172EFD81000D5880 /* Socket.cpp in Sources */ = {isa = PBXBuildFile; fileRef = FA403746172EFD81000D5880 /* Socket.cpp */; };
		FAE1195F1729CDEF004115AB /* UIKit.framework in Frameworks */ = {isa = PBXBuildFile; fileRef = FAE1195E1729CDEF004115AB /* UIKit.framework */; };
		FAE119611729CDEF004115AB /* Foundation.framework in Frameworks */ = {isa = PBXBuildFile; fileRef = FAE119601729CDEF004115AB /* Foundation.framework */; };
		FAE119631729CDEF004115AB /* CoreGraphics.framework in Frameworks */ = {isa = PBXBuildFile; fileRef = FAE119621729CDEF004115AB /* CoreGraphics.framework */; };
		FAE119691729CDEF004115AB /* InfoPlist.strings in Resources */ = {isa = PBXBuildFile; fileRef = FAE119671729CDEF004115AB /* InfoPlist.strings */; };
		FAE1196B1729CDF0004115AB /* main.m in Sources */ = {isa = PBXBuildFile; fileRef = FAE1196A1729CDEF004115AB /* main.m */; };
		FAE1196F1729CDF0004115AB /* AppDelegate.m in Sources */ = {isa = PBXBuildFile; fileRef = FAE1196E1729CDF0004115AB /* AppDelegate.m */; };
		FAE119711729CDF0004115AB /* Default.png in Resources */ = {isa = PBXBuildFile; fileRef = FAE119701729CDF0004115AB /* Default.png */; };
		FAE119731729CDF0004115AB /* Default@2x.png in Resources */ = {isa = PBXBuildFile; fileRef = FAE119721729CDF0004115AB /* Default@2x.png */; };
		FAE119751729CDF0004115AB /* Default-568h@2x.png in Resources */ = {isa = PBXBuildFile; fileRef = FAE119741729CDF0004115AB /* Default-568h@2x.png */; };
		FAE119781729CDF0004115AB /* MainStoryboard.storyboard in Resources */ = {isa = PBXBuildFile; fileRef = FAE119761729CDF0004115AB /* MainStoryboard.storyboard */; };
		FAE1197B1729CDF0004115AB /* ViewController.mm in Sources */ = {isa = PBXBuildFile; fileRef = FAE1197A1729CDF0004115AB /* ViewController.mm */; };
		FAE119821729CE9F004115AB /* DefaultSampleIcon.png in Resources */ = {isa = PBXBuildFile; fileRef = FAE119811729CE9F004115AB /* DefaultSampleIcon.png */; };
		FAE119861729D30A004115AB /* opencv2.framework in Frameworks */ = {isa = PBXBuildFile; fileRef = FAE119851729D30A004115AB /* opencv2.framework */; };
		FAE119881729D385004115AB /* Lenna.png in Resources */ = {isa = PBXBuildFile; fileRef = FAE119871729D385004115AB /* Lenna.png */; };
/* End PBXBuildFile section */

/* Begin PBXFileReference section */
		FA403741172EFA6B000D5880 /* OffloadHandler.mm */ = {isa = PBXFileReference; fileEncoding = 4; lastKnownFileType = sourcecode.cpp.objcpp; path = OffloadHandler.mm; sourceTree = "<group>"; };
		FA403742172EFA6B000D5880 /* OffloadHandler.h */ = {isa = PBXFileReference; fileEncoding = 4; lastKnownFileType = sourcecode.c.h; path = OffloadHandler.h; sourceTree = "<group>"; };
		FA403743172EFA6B000D5880 /* Socket.h */ = {isa = PBXFileReference; fileEncoding = 4; lastKnownFileType = sourcecode.c.h; path = Socket.h; sourceTree = "<group>"; };
		FA403744172EFA6C000D5880 /* SocketException.h */ = {isa = PBXFileReference; fileEncoding = 4; lastKnownFileType = sourcecode.c.h; path = SocketException.h; sourceTree = "<group>"; };
		FA403746172EFD81000D5880 /* Socket.cpp */ = {isa = PBXFileReference; fileEncoding = 4; lastKnownFileType = sourcecode.cpp.cpp; path = Socket.cpp; sourceTree = "<group>"; };
		FAE1195B1729CDEF004115AB /* Mobile Project.app */ = {isa = PBXFileReference; explicitFileType = wrapper.application; includeInIndex = 0; path = "Mobile Project.app"; sourceTree = BUILT_PRODUCTS_DIR; };
		FAE1195E1729CDEF004115AB /* UIKit.framework */ = {isa = PBXFileReference; lastKnownFileType = wrapper.framework; name = UIKit.framework; path = System/Library/Frameworks/UIKit.framework; sourceTree = SDKROOT; };
		FAE119601729CDEF004115AB /* Foundation.framework */ = {isa = PBXFileReference; lastKnownFileType = wrapper.framework; name = Foundation.framework; path = System/Library/Frameworks/Foundation.framework; sourceTree = SDKROOT; };
		FAE119621729CDEF004115AB /* CoreGraphics.framework */ = {isa = PBXFileReference; lastKnownFileType = wrapper.framework; name = CoreGraphics.framework; path = System/Library/Frameworks/CoreGraphics.framework; sourceTree = SDKROOT; };
		FAE119661729CDEF004115AB /* Mobile Project-Info.plist */ = {isa = PBXFileReference; lastKnownFileType = text.plist.xml; path = "Mobile Project-Info.plist"; sourceTree = "<group>"; };
		FAE119681729CDEF004115AB /* en */ = {isa = PBXFileReference; lastKnownFileType = text.plist.strings; name = en; path = en.lproj/InfoPlist.strings; sourceTree = "<group>"; };
		FAE1196A1729CDEF004115AB /* main.m */ = {isa = PBXFileReference; lastKnownFileType = sourcecode.c.objc; path = main.m; sourceTree = "<group>"; };
		FAE1196C1729CDF0004115AB /* Mobile Project-Prefix.pch */ = {isa = PBXFileReference; lastKnownFileType = sourcecode.c.h; path = "Mobile Project-Prefix.pch"; sourceTree = "<group>"; };
		FAE1196D1729CDF0004115AB /* AppDelegate.h */ = {isa = PBXFileReference; lastKnownFileType = sourcecode.c.h; path = AppDelegate.h; sourceTree = "<group>"; };
		FAE1196E1729CDF0004115AB /* AppDelegate.m */ = {isa = PBXFileReference; lastKnownFileType = sourcecode.c.objc; path = AppDelegate.m; sourceTree = "<group>"; };
		FAE119701729CDF0004115AB /* Default.png */ = {isa = PBXFileReference; lastKnownFileType = image.png; path = Default.png; sourceTree = "<group>"; };
		FAE119721729CDF0004115AB /* Default@2x.png */ = {isa = PBXFileReference; lastKnownFileType = image.png; path = "Default@2x.png"; sourceTree = "<group>"; };
		FAE119741729CDF0004115AB /* Default-568h@2x.png */ = {isa = PBXFileReference; lastKnownFileType = image.png; path = "Default-568h@2x.png"; sourceTree = "<group>"; };
		FAE119771729CDF0004115AB /* en */ = {isa = PBXFileReference; lastKnownFileType = file.storyboard; name = en; path = en.lproj/MainStoryboard.storyboard; sourceTree = "<group>"; };
		FAE119791729CDF0004115AB /* ViewController.h */ = {isa = PBXFileReference; lastKnownFileType = sourcecode.c.h; path = ViewController.h; sourceTree = "<group>"; };
		FAE1197A1729CDF0004115AB /* ViewController.mm */ = {isa = PBXFileReference; lastKnownFileType = sourcecode.cpp.objcpp; path = ViewController.mm; sourceTree = "<group>"; };
		FAE119811729CE9F004115AB /* DefaultSampleIcon.png */ = {isa = PBXFileReference; lastKnownFileType = image.png; path = DefaultSampleIcon.png; sourceTree = "<group>"; };
		FAE119851729D30A004115AB /* opencv2.framework */ = {isa = PBXFileReference; lastKnownFileType = wrapper.framework; name = opencv2.framework; path = ../../../Downloads/opencv2.framework; sourceTree = "<group>"; };
		FAE119871729D385004115AB /* Lenna.png */ = {isa = PBXFileReference; lastKnownFileType = image.png; path = Lenna.png; sourceTree = "<group>"; };
/* End PBXFileReference section */

/* Begin PBXFrameworksBuildPhase section */
		FAE119581729CDEF004115AB /* Frameworks */ = {
			isa = PBXFrameworksBuildPhase;
			buildActionMask = 2147483647;
			files = (
				FAE119861729D30A004115AB /* opencv2.framework in Frameworks */,
				FAE1195F1729CDEF004115AB /* UIKit.framework in Frameworks */,
				FAE119611729CDEF004115AB /* Foundation.framework in Frameworks */,
				FAE119631729CDEF004115AB /* CoreGraphics.framework in Frameworks */,
			);
			runOnlyForDeploymentPostprocessing = 0;
		};
/* End PBXFrameworksBuildPhase section */

/* Begin PBXGroup section */
		FAE119521729CDEF004115AB = {
			isa = PBXGroup;
			children = (
				FAE119641729CDEF004115AB /* Mobile Project */,
				FAE1195D1729CDEF004115AB /* Frameworks */,
				FAE1195C1729CDEF004115AB /* Products */,
			);
			sourceTree = "<group>";
		};
		FAE1195C1729CDEF004115AB /* Products */ = {
			isa = PBXGroup;
			children = (
				FAE1195B1729CDEF004115AB /* Mobile Project.app */,
			);
			name = Products;
			sourceTree = "<group>";
		};
		FAE1195D1729CDEF004115AB /* Frameworks */ = {
			isa = PBXGroup;
			children = (
				FAE119851729D30A004115AB /* opencv2.framework */,
				FAE1195E1729CDEF004115AB /* UIKit.framework */,
				FAE119601729CDEF004115AB /* Foundation.framework */,
				FAE119621729CDEF004115AB /* CoreGraphics.framework */,
			);
			name = Frameworks;
			sourceTree = "<group>";
		};
		FAE119641729CDEF004115AB /* Mobile Project */ = {
			isa = PBXGroup;
			children = (
				FAE1196D1729CDF0004115AB /* AppDelegate.h */,
				FAE1196E1729CDF0004115AB /* AppDelegate.m */,
				FAE119761729CDF0004115AB /* MainStoryboard.storyboard */,
				FAE119791729CDF0004115AB /* ViewController.h */,
				FAE1197A1729CDF0004115AB /* ViewController.mm */,
				FA403741172EFA6B000D5880 /* OffloadHandler.mm */,
				FA403742172EFA6B000D5880 /* OffloadHandler.h */,
				FA403743172EFA6B000D5880 /* Socket.h */,
				FA403746172EFD81000D5880 /* Socket.cpp */,
				FA403744172EFA6C000D5880 /* SocketException.h */,
				FAE119651729CDEF004115AB /* Supporting Files */,
			);
			path = "Mobile Project";
			sourceTree = "<group>";
		};
		FAE119651729CDEF004115AB /* Supporting Files */ = {
			isa = PBXGroup;
			children = (
				FAE119871729D385004115AB /* Lenna.png */,
				FAE119811729CE9F004115AB /* DefaultSampleIcon.png */,
				FAE119661729CDEF004115AB /* Mobile Project-Info.plist */,
				FAE119671729CDEF004115AB /* InfoPlist.strings */,
				FAE1196A1729CDEF004115AB /* main.m */,
				FAE1196C1729CDF0004115AB /* Mobile Project-Prefix.pch */,
				FAE119701729CDF0004115AB /* Default.png */,
				FAE119721729CDF0004115AB /* Default@2x.png */,
				FAE119741729CDF0004115AB /* Default-568h@2x.png */,
			);
			name = "Supporting Files";
			sourceTree = "<group>";
		};
/* End PBXGroup section */

/* Begin PBXNativeTarget section */
		FAE1195A1729CDEF004115AB /* Mobile Project */ = {
			isa = PBXNativeTarget;
			buildConfigurationList = FAE1197E1729CDF0004115AB /* Build configuration list for PBXNativeTarget "Mobile Project" */;
			buildPhases = (
				FAE119571729CDEF004115AB /* Sources */,
				FAE119581729CDEF004115AB /* Frameworks */,
				FAE119591729CDEF004115AB /* Resources */,
			);
			buildRules = (
			);
			dependencies = (
			);
			name = "Mobile Project";
			productName = "Mobile Project";
			productReference = FAE1195B1729CDEF004115AB /* Mobile Project.app */;
			productType = "com.apple.product-type.application";
		};
/* End PBXNativeTarget section */

/* Begin PBXProject section */
		FAE119531729CDEF004115AB /* Project object */ = {
			isa = PBXProject;
			attributes = {
				LastUpgradeCheck = 0460;
				ORGANIZATIONNAME = Columbia;
			};
			buildConfigurationList = FAE119561729CDEF004115AB /* Build configuration list for PBXProject "Mobile Project" */;
			compatibilityVersion = "Xcode 3.2";
			developmentRegion = English;
			hasScannedForEncodings = 0;
			knownRegions = (
				en,
			);
			mainGroup = FAE119521729CDEF004115AB;
			productRefGroup = FAE1195C1729CDEF004115AB /* Products */;
			projectDirPath = "";
			projectRoot = "";
			targets = (
				FAE1195A1729CDEF004115AB /* Mobile Project */,
			);
		};
/* End PBXProject section */

/* Begin PBXResourcesBuildPhase section */
		FAE119591729CDEF004115AB /* Resources */ = {
			isa = PBXResourcesBuildPhase;
			buildActionMask = 2147483647;
			files = (
				FAE119691729CDEF004115AB /* InfoPlist.strings in Resources */,
				FAE119711729CDF0004115AB /* Default.png in Resources */,
				FAE119731729CDF0004115AB /* Default@2x.png in Resources */,
				FAE119751729CDF0004115AB /* Default-568h@2x.png in Resources */,
				FAE119781729CDF0004115AB /* MainStoryboard.storyboard in Resources */,
				FAE119821729CE9F004115AB /* DefaultSampleIcon.png in Resources */,
				FAE119881729D385004115AB /* Lenna.png in Resources */,
			);
			runOnlyForDeploymentPostprocessing = 0;
		};
/* End PBXResourcesBuildPhase section */

/* Begin PBXSourcesBuildPhase section */
		FAE119571729CDEF004115AB /* Sources */ = {
			isa = PBXSourcesBuildPhase;
			buildActionMask = 2147483647;
			files = (
				FAE1196B1729CDF0004115AB /* main.m in Sources */,
				FAE1196F1729CDF0004115AB /* AppDelegate.m in Sources */,
				FAE1197B1729CDF0004115AB /* ViewController.mm in Sources */,
				FA403745172EFA6C000D5880 /* OffloadHandler.mm in Sources */,
				FA403747172EFD81000D5880 /* Socket.cpp in Sources */,
			);
			runOnlyForDeploymentPostprocessing = 0;
		};
/* End PBXSourcesBuildPhase section */

/* Begin PBXVariantGroup section */
		FAE119671729CDEF004115AB /* InfoPlist.strings */ = {
			isa = PBXVariantGroup;
			children = (
				FAE119681729CDEF004115AB /* en */,
			);
			name = InfoPlist.strings;
			sourceTree = "<group>";
		};
		FAE119761729CDF0004115AB /* MainStoryboard.storyboard */ = {
			isa = PBXVariantGroup;
			children = (
				FAE119771729CDF0004115AB /* en */,
			);
			name = MainStoryboard.storyboard;
			sourceTree = "<group>";
		};
/* End PBXVariantGroup section */

/* Begin XCBuildConfiguration section */
		FAE1197C1729CDF0004115AB /* Debug */ = {
			isa = XCBuildConfiguration;
			buildSettings = {
				ALWAYS_SEARCH_USER_PATHS = NO;
				CLANG_CXX_LANGUAGE_STANDARD = "gnu++0x";
				CLANG_CXX_LIBRARY = "libc++";
				CLANG_WARN_CONSTANT_CONVERSION = YES;
				CLANG_WARN_EMPTY_BODY = YES;
				CLANG_WARN_ENUM_CONVERSION = YES;
				CLANG_WARN_INT_CONVERSION = YES;
				CLANG_WARN__DUPLICATE_METHOD_MATCH = YES;
				"CODE_SIGN_IDENTITY[sdk=iphoneos*]" = "iPhone Developer";
				COPY_PHASE_STRIP = NO;
				GCC_C_LANGUAGE_STANDARD = gnu99;
				GCC_DYNAMIC_NO_PIC = NO;
				GCC_OPTIMIZATION_LEVEL = 0;
				GCC_PREPROCESSOR_DEFINITIONS = (
					"DEBUG=1",
					"$(inherited)",
				);
				GCC_SYMBOLS_PRIVATE_EXTERN = NO;
				GCC_WARN_ABOUT_RETURN_TYPE = YES;
				GCC_WARN_UNINITIALIZED_AUTOS = YES;
				GCC_WARN_UNUSED_VARIABLE = YES;
				IPHONEOS_DEPLOYMENT_TARGET = 6.1;
				ONLY_ACTIVE_ARCH = YES;
				SDKROOT = iphoneos;
			};
			name = Debug;
		};
		FAE1197D1729CDF0004115AB /* Release */ = {
			isa = XCBuildConfiguration;
			buildSettings = {
				ALWAYS_SEARCH_USER_PATHS = NO;
				CLANG_CXX_LANGUAGE_STANDARD = "gnu++0x";
				CLANG_CXX_LIBRARY = "libc++";
				CLANG_WARN_CONSTANT_CONVERSION = YES;
				CLANG_WARN_EMPTY_BODY = YES;
				CLANG_WARN_ENUM_CONVERSION = YES;
				CLANG_WARN_INT_CONVERSION = YES;
				CLANG_WARN__DUPLICATE_METHOD_MATCH = YES;
				"CODE_SIGN_IDENTITY[sdk=iphoneos*]" = "iPhone Developer";
				COPY_PHASE_STRIP = YES;
				GCC_C_LANGUAGE_STANDARD = gnu99;
				GCC_WARN_ABOUT_RETURN_TYPE = YES;
				GCC_WARN_UNINITIALIZED_AUTOS = YES;
				GCC_WARN_UNUSED_VARIABLE = YES;
				IPHONEOS_DEPLOYMENT_TARGET = 6.1;
				OTHER_CFLAGS = "-DNS_BLOCK_ASSERTIONS=1";
				SDKROOT = iphoneos;
				VALIDATE_PRODUCT = YES;
			};
			name = Release;
		};
		FAE1197F1729CDF0004115AB /* Debug */ = {
			isa = XCBuildConfiguration;
			buildSettings = {
				CODE_SIGN_IDENTITY = "iPhone Developer: Nathen 赖 (VSCBKKDHM7)";
				FRAMEWORK_SEARCH_PATHS = (
					"$(inherited)",
					"\"$(SRCROOT)/../../../Downloads\"",
				);
				GCC_PRECOMPILE_PREFIX_HEADER = YES;
				GCC_PREFIX_HEADER = "Mobile Project/Mobile Project-Prefix.pch";
				INFOPLIST_FILE = "Mobile Project/Mobile Project-Info.plist";
				PRODUCT_NAME = "$(TARGET_NAME)";
				PROVISIONING_PROFILE = "498D27FC-2B05-499E-845C-EE2F7EFC4FE8";
				WRAPPER_EXTENSION = app;
			};
			name = Debug;
		};
		FAE119801729CDF0004115AB /* Release */ = {
			isa = XCBuildConfiguration;
			buildSettings = {
				CODE_SIGN_IDENTITY = "iPhone Developer: Nathen 赖 (VSCBKKDHM7)";
				FRAMEWORK_SEARCH_PATHS = (
					"$(inherited)",
					"\"$(SRCROOT)/../../../Downloads\"",
				);
				GCC_PRECOMPILE_PREFIX_HEADER = YES;
				GCC_PREFIX_HEADER = "Mobile Project/Mobile Project-Prefix.pch";
				INFOPLIST_FILE = "Mobile Project/Mobile Project-Info.plist";
				PRODUCT_NAME = "$(TARGET_NAME)";
				PROVISIONING_PROFILE = "498D27FC-2B05-499E-845C-EE2F7EFC4FE8";
				WRAPPER_EXTENSION = app;
			};
			name = Release;
		};
/* End XCBuildConfiguration section */

/* Begin XCConfigurationList section */
		FAE119561729CDEF004115AB /* Build configuration list for PBXProject "Mobile Project" */ = {
			isa = XCConfigurationList;
			buildConfigurations = (
				FAE1197C1729CDF0004115AB /* Debug */,
				FAE1197D1729CDF0004115AB /* Release */,
			);
			defaultConfigurationIsVisible = 0;
			defaultConfigurationName = Release;
		};
		FAE1197E1729CDF0004115AB /* Build configuration list for PBXNativeTarget "Mobile Project" */ = {
			isa = XCConfigurationList;
			buildConfigurations = (
				FAE1197F1729CDF0004115AB /* Debug */,
				FAE119801729CDF0004115AB /* Release */,
			);
			defaultConfigurationIsVisible = 0;
			defaultConfigurationName = Release;
		};
/* End XCConfigurationList section */
	};
	rootObject = FAE119531729CDEF004115AB /* Project object */;
}
